
Microsoft Visual Studio Solution File, Format Version 12.00
# Visual Studio Version 16
VisualStudioVersion = 16.0.30225.117
MinimumVisualStudioVersion = 10.0.40219.1
Project("{8BC9CEB8-8B4A-11D0-8D11-00A0C91BC942}") = "openGL-window", "openGL-window\openGL-window.vcxproj", "{4F553B18-F8EA-4A43-BF48-61F42658C9A9}"
EndProject
Global
	GlobalSection(SolutionConfigurationPlatforms) = preSolution
		Debug|x64 = Debug|x64
		Debug|x86 = Debug|x86
		Release|x64 = Release|x64
		Release|x86 = Release|x86
	EndGlobalSection
	GlobalSection(ProjectConfigurationPlatforms) = postSolution
		{4F553B18-F8EA-4A43-BF48-61F42658C9A9}.Debug|x64.ActiveCfg = Debug|x64
		{4F553B18-F8EA-4A43-BF48-61F42658C9A9}.Debug|x64.Build.0 = Debug|x64
		{4F553B18-F8EA-4A43-BF48-61F42658C9A9}.Debug|x86.ActiveCfg = Debug|Win32
		{4F553B18-F8EA-4A43-BF48-61F42658C9A9}.Debug|x86.Build.0 = Debug|Win32
		{4F553B18-F8EA-4A43-BF48-61F42658C9A9}.Release|x64.ActiveCfg = Release|x64
		{4F553B18-F8EA-4A43-BF48-61F42658C9A9}.Release|x64.Build.0 = Release|x64
		{4F553B18-F8EA-4A43-BF48-61F42658C9A9}.Release|x86.ActiveCfg = Release|Win32
		{4F553B18-F8EA-4A43-BF48-61F42658C9A9}.Release|x86.Build.0 = Release|Win32
	EndGlobalSection
	GlobalSection(SolutionProperties) = preSolution
		HideSolutionNode = FALSE
	EndGlobalSection
	GlobalSection(ExtensibilityGlobals) = postSolution
		SolutionGuid = {8A34C257-9A4B-4E57-8EDB-3A1B7EA99FCE}
	EndGlobalSection
EndGlobal
